# This file is autogenerated, do not edit; changes may be undone by the next 'dep ensure'.


[[projects]]
  branch = "default"
  digest = "1:24df057f15e7a09e75c1241cbe6f6590fd3eac9804f1110b02efade3214f042d"
  name = "bitbucket.org/ww/goautoneg"
  packages = ["."]
  pruneopts = "UT"
  revision = "75cd24fc2f2c2a2088577d12123ddee5f54e0675"

[[projects]]
  digest = "1:5568509a79e74730b08af05eb7397bd770cd16e7a746e58dbb7e5277e698664a"
  name = "github.com/asaskevich/govalidator"
  packages = ["."]
  pruneopts = "UT"
  revision = "73945b6115bfbbcc57d89b7316e28109364124e1"
  version = "v7"

[[projects]]
  digest = "1:fed1f537c2f1269fe475a8556c393fe466641682d73ef8fd0491cd3aa1e47bad"
  name = "github.com/certifi/gocertifi"
  packages = ["."]
  pruneopts = "UT"
  revision = "deb3ae2ef2610fde3330947281941c562861188b"
  version = "2018.01.18"

[[projects]]
  branch = "master"
  digest = "1:f438d91be142877c3ad83157992c91de787ddfbddcc2a7da1ef6ef61606cadc4"
  name = "github.com/cheekybits/genny"
  packages = ["generic"]
  pruneopts = "UT"
  revision = "d2cf3cdd35ce0d789056c4bc02a4d6349c947caf"

[[projects]]
  digest = "1:ffe9824d294da03b391f44e1ae8281281b4afc1bdaa9588c9097785e3af10cec"
  name = "github.com/davecgh/go-spew"
  packages = ["spew"]
  pruneopts = "UT"
  revision = "8991bc29aa16c548c550c7ff78260e27b9ab7c73"
  version = "v1.1.1"

[[projects]]
  digest = "1:2faeefda33c255e905c48ce82c2c64bd02eda980ab639d5aa0d6fc21e061c78e"
  name = "github.com/evalphobia/logrus_sentry"
  packages = ["."]
  pruneopts = "UT"
  revision = "ab0fa2ee9517a8e8c1de1c07e492e8164f852529"
  version = "v0.8.2"

[[projects]]
  digest = "1:abeb38ade3f32a92943e5be54f55ed6d6e3b6602761d74b4aab4c9dd45c18abd"
  name = "github.com/fsnotify/fsnotify"
  packages = ["."]
  pruneopts = "UT"
  revision = "c2828203cd70a50dcccfb2761f8b1f8ceef9a8e9"
  version = "v1.4.7"

[[projects]]
  branch = "master"
  digest = "1:4d885f1b16a1386e304d2a2f829e19d82624601354413749aad5faabb415c62c"
  name = "github.com/getsentry/raven-go"
  packages = ["."]
  pruneopts = "UT"
  revision = "67f8d30e8de7d9c3e2733eb8e17e0e3eb0b5632e"

[[projects]]
  branch = "master"
  digest = "1:002f793a866e7fb56f53c81acfd837e39403750d39acc206e5ee75f009a38532"
  name = "github.com/go-chi/chi"
  packages = [
    ".",
    "middleware",
  ]
  pruneopts = "UT"
  revision = "7eb231e7fe03ac71ffb8659376bdbf15d2d42263"

[[projects]]
  branch = "master"
  digest = "1:d0557c61d3acd22f04f7b6b675b847381034b229b7dce10b1d31bfa0d7f30017"
  name = "github.com/go-errors/errors"
  packages = ["."]
  pruneopts = "UT"
  revision = "d98b870cc4e05f1545532a80e9909be8216095b6"

[[projects]]
  digest = "1:c116114869f44c711fa5baf9e019fa327101c82ddc4dcc1de84db1f6c43a2d36"
  name = "github.com/go-ozzo/ozzo-validation"
  packages = ["."]
  pruneopts = "UT"
  revision = "106681dbb37bfa3e7683c4c8129cb7f5925ea3e9"
  version = "v3.5.0"

[[projects]]
  branch = "master"
  digest = "1:02e49372e93c942d1884271731d491bcd26a917a1dea99e27e1dbe9fe9fcdb0b"
  name = "github.com/goji/context"
  packages = ["."]
  pruneopts = "UT"
  revision = "68b83f7b0439800daff361aeff573ecad1b26cbe"

[[projects]]
  digest = "1:a712b5079fa7fd942a077341757265836063980331c0186360d463d61ffa2223"
  name = "github.com/google/jsonapi"
  packages = ["."]
  pruneopts = "UT"
  revision = "46d3ced0434461be12e555852e2f1a9ed382e139"
  version = "1.0.0"

[[projects]]
  branch = "master"
  digest = "1:f14d1b50e0075fb00177f12a96dd7addf93d1e2883c25befd17285b779549795"
  name = "github.com/gopherjs/gopherjs"
  packages = ["js"]
  pruneopts = "UT"
  revision = "d547d1d9531ed93dbdebcbff7f83e7c876a1e0ee"

[[projects]]
  digest = "1:a4b04b5314d49a67ad022fa7693453ee2b823ab99314f52fa3930ed31085dfef"
  name = "github.com/guregu/null"
  packages = ["."]
  pruneopts = "UT"
  revision = "80515d440932108546bcade467bb7d6968e812e2"
  version = "v3.4.0"

[[projects]]
  digest = "1:d15ee511aa0f56baacc1eb4c6b922fa1c03b38413b6be18166b996d82a0156ea"
  name = "github.com/hashicorp/golang-lru"
  packages = [
    ".",
    "simplelru",
  ]
  pruneopts = "UT"
  revision = "7087cb70de9f7a8bc0a10c375cb0d2280a8edf9c"
  version = "v0.5.1"

[[projects]]
  digest = "1:c0d19ab64b32ce9fe5cf4ddceba78d5bc9807f0016db6b1183599da3dcc24d10"
  name = "github.com/hashicorp/hcl"
  packages = [
    ".",
    "hcl/ast",
    "hcl/parser",
    "hcl/printer",
    "hcl/scanner",
    "hcl/strconv",
    "hcl/token",
    "json/parser",
    "json/scanner",
    "json/token",
  ]
  pruneopts = "UT"
  revision = "8cb6e5b959231cc1119e43259c4a608f9c51a241"
  version = "v1.0.0"

[[projects]]
  digest = "1:870d441fe217b8e689d7949fef6e43efbc787e50f200cb1e70dbca9204a1d6be"
  name = "github.com/inconshreveable/mousetrap"
  packages = ["."]
  pruneopts = "UT"
  revision = "76626ae9c91c4f2a10f34cad8ce83ea42c93bb75"
  version = "v1.0"

[[projects]]
  digest = "1:fceb575e3343d80da4807c9bd73e76494931643fa4851e27239812155cf0a341"
  name = "github.com/influxdata/influxdb"
  packages = [
    "client/v2",
    "models",
    "pkg/escape",
  ]
  pruneopts = "UT"
  revision = "ef77e72f435b71b1ad6da7d6a6a4c4a262439379"
  version = "v1.7.4"

[[projects]]
  digest = "1:937258f1293bc9295b4789b0abea5b4ec030e3caecb65a4e1dc0b6999957a5ed"
  name = "github.com/influxdata/platform"
  packages = [
    "models",
    "pkg/escape",
  ]
  pruneopts = "UT"
  revision = "0f79e4ea3248354c789cba274542e0a8e55971db"

[[projects]]
  branch = "master"
  digest = "1:d8715388cdd077d4b5e477e92e93e8c2c16c5f8cdc1f79b0ef2616ef8ea09f9f"
  name = "github.com/jmoiron/sqlx"
  packages = [
    ".",
    "reflectx",
  ]
  pruneopts = "UT"
  revision = "82935fac6c1a317907c8f43ed3f7f85ea844a78b"

[[projects]]
  digest = "1:4b63210654b1f2b664f74ec434a1bb1cb442b3d75742cc064a10808d1cca6361"
  name = "github.com/jtolds/gls"
  packages = ["."]
  pruneopts = "UT"
  revision = "b4936e06046bbecbb94cae9c18127ebe510a2cb9"
  version = "v4.20"

[[projects]]
  digest = "1:31e761d97c76151dde79e9d28964a812c46efc5baee4085b86f68f0c654450de"
  name = "github.com/konsorten/go-windows-terminal-sequences"
  packages = ["."]
  pruneopts = "UT"
  revision = "f55edac94c9bbba5d6182a4be46d86a2c9b5b50e"
  version = "v1.0.2"

[[projects]]
  branch = "master"
  digest = "1:a7fc52742a5d011497b6a24024c857d260f809083424cd84110c9e40c34f64fc"
  name = "github.com/lann/builder"
  packages = ["."]
  pruneopts = "UT"
  revision = "47ae307949d02aa1f1069fdafc00ca08e1dbabac"

[[projects]]
  branch = "master"
  digest = "1:225499d25a9f1486f3b77cdc4f7d6590c506c3839bb9d8497113f6d19676d54a"
  name = "github.com/lann/ps"
  packages = ["."]
  pruneopts = "UT"
  revision = "62de8c46ede02a7675c4c79c84883eb164cb71e3"

[[projects]]
  digest = "1:14a90eb1290bd0aa42848afa9ee2c9ce247abdb63c2cf614331670119760962f"
  name = "github.com/lann/squirrel"
  packages = ["."]
  pruneopts = "UT"
  revision = "fa735ea14f09f8685fcf5e75db091feb5a410730"
  version = "v1.1"

[[projects]]
  branch = "master"
  digest = "1:7cefc4f7f6a411c2598d3344563e4d23fd4e4d88fd1591831fe39cccff41ad28"
  name = "github.com/lib/pq"
  packages = [
    ".",
    "oid",
  ]
  pruneopts = "UT"
  revision = "9eb73efc1fcc404148b56765b0d3f61d9a5ef8ee"

[[projects]]
  digest = "1:53e8c5c79716437e601696140e8b1801aae4204f4ec54a504333702a49572c4f"
  name = "github.com/magiconair/properties"
  packages = [
    ".",
    "assert",
  ]
  pruneopts = "UT"
  revision = "c2353362d570a7bfa228149c62842019201cfb71"
  version = "v1.8.0"

[[projects]]
  digest = "1:14a90eb1290bd0aa42848afa9ee2c9ce247abdb63c2cf614331670119760962f"
  name = "github.com/masterminds/squirrel"
  packages = ["."]
  pruneopts = "UT"
  revision = "fa735ea14f09f8685fcf5e75db091feb5a410730"
  version = "v1.1"

[[projects]]
  digest = "1:53bc4cd4914cd7cd52139990d5170d6dc99067ae31c56530621b18b35fc30318"
  name = "github.com/mitchellh/mapstructure"
  packages = ["."]
  pruneopts = "UT"
  revision = "3536a929edddb9a5b34bd6861dc4a9647cb459fe"
  version = "v1.1.2"

[[projects]]
  branch = "master"
  digest = "1:3169196542342e193c4e0bacbaf5039712051f8178b16aaa94a67fd78cde6e2e"
  name = "github.com/nullstyle/go-xdr"
  packages = ["xdr3"]
  pruneopts = "UT"
  revision = "f4c839f750778158541decf4c318fc7625ec066b"

[[projects]]
  digest = "1:808cdddf087fb64baeae67b8dfaee2069034d9704923a3cb8bd96a995421a625"
  name = "github.com/patrickmn/go-cache"
  packages = ["."]
  pruneopts = "UT"
  revision = "a3647f8e31d79543b2d0f0ae2fe5c379d72cedc0"
  version = "v2.1.0"

[[projects]]
  digest = "1:95741de3af260a92cc5c7f3f3061e85273f5a81b5db20d4bd68da74bd521675e"
  name = "github.com/pelletier/go-toml"
  packages = ["."]
  pruneopts = "UT"
  revision = "c01d1270ff3e442a8a57cddc1c92dc1138598194"
  version = "v1.2.0"

[[projects]]
  digest = "1:cf31692c14422fa27c83a05292eb5cbe0fb2775972e8f1f8446a71549bd8980b"
  name = "github.com/pkg/errors"
  packages = ["."]
  pruneopts = "UT"
  revision = "ba968bfe8b2f7e042a574c888954fccecfa385b4"
  version = "v0.8.1"

[[projects]]
  digest = "1:0028cb19b2e4c3112225cd871870f2d9cf49b9b4276531f03438a88e94be86fe"
  name = "github.com/pmezard/go-difflib"
  packages = ["difflib"]
  pruneopts = "UT"
  revision = "792786c7400a136282c1664665ae0a8db921c6c2"
  version = "v1.0.0"

[[projects]]
  branch = "master"
  digest = "1:d38f81081a389f1466ec98192cf9115a82158854d6f01e1c23e2e7554b97db71"
  name = "github.com/rcrowley/go-metrics"
  packages = ["."]
  pruneopts = "UT"
  revision = "3113b8401b8a98917cde58f8bbd42a1b1c03b1fd"

[[projects]]
  digest = "1:b0c25f00bad20d783d259af2af8666969e2fc343fa0dc9efe52936bbd67fb758"
  name = "github.com/rs/cors"
  packages = ["."]
  pruneopts = "UT"
  revision = "9a47f48565a795472d43519dd49aac781f3034fb"
  version = "v1.6.0"

[[projects]]
  branch = "master"
  digest = "1:fe478ff1dfc3878c0e2f4ca9b765d5c47df6539b7797a02472153357f48a4797"
  name = "github.com/rubenv/sql-migrate"
  packages = [
    ".",
    "sqlparse",
  ]
  pruneopts = "UT"
  revision = "1007f53448d75fe14190968f5de4d95ed63ebb83"

[[projects]]
  digest = "1:87c2e02fb01c27060ccc5ba7c5a407cc91147726f8f40b70cceeedbc52b1f3a8"
  name = "github.com/sirupsen/logrus"
  packages = ["."]
  pruneopts = "UT"
  revision = "e1e72e9de974bd926e5c56f83753fba2df402ce5"
  version = "v1.3.0"

[[projects]]
  digest = "1:cc1c574c9cb5e99b123888c12b828e2d19224ab6c2244bda34647f230bf33243"
  name = "github.com/smartystreets/assertions"
  packages = [
    ".",
    "internal/go-render/render",
    "internal/oglematchers",
  ]
  pruneopts = "UT"
  revision = "7678a5452ebea5b7090a6b163f844c133f523da2"
  version = "1.8.3"

[[projects]]
  digest = "1:a3e081e593ee8e3b0a9af6a5dcac964c67a40c4f2034b5345b2ad78d05920728"
  name = "github.com/smartystreets/goconvey"
  packages = [
    "convey",
    "convey/gotest",
    "convey/reporting",
  ]
  pruneopts = "UT"
  revision = "9e8dc3f972df6c8fcc0375ef492c24d0bb204857"
  version = "1.6.3"

[[projects]]
  digest = "1:3e39bafd6c2f4bf3c76c3bfd16a2e09e016510ad5db90dc02b88e2f565d6d595"
  name = "github.com/spf13/afero"
  packages = [
    ".",
    "mem",
  ]
  pruneopts = "UT"
  revision = "f4711e4db9e9a1d3887343acb72b2bbfc2f686f5"
  version = "v1.2.1"

[[projects]]
  digest = "1:08d65904057412fc0270fc4812a1c90c594186819243160dc779a402d4b6d0bc"
  name = "github.com/spf13/cast"
  packages = ["."]
  pruneopts = "UT"
  revision = "8c9545af88b134710ab1cd196795e7f2388358d7"
  version = "v1.3.0"

[[projects]]
  digest = "1:645cabccbb4fa8aab25a956cbcbdf6a6845ca736b2c64e197ca7cbb9d210b939"
  name = "github.com/spf13/cobra"
  packages = ["."]
  pruneopts = "UT"
  revision = "ef82de70bb3f60c65fb8eebacbb2d122ef517385"
  version = "v0.0.3"

[[projects]]
  digest = "1:1b753ec16506f5864d26a28b43703c58831255059644351bbcb019b843950900"
  name = "github.com/spf13/jwalterweatherman"
  packages = ["."]
  pruneopts = "UT"
  revision = "94f6ae3ed3bceceafa716478c5fbf8d29ca601a1"
  version = "v1.1.0"

[[projects]]
  digest = "1:c1b1102241e7f645bc8e0c22ae352e8f0dc6484b6cb4d132fa9f24174e0119e2"
  name = "github.com/spf13/pflag"
  packages = ["."]
  pruneopts = "UT"
  revision = "298182f68c66c05229eb03ac171abe6e309ee79a"
  version = "v1.0.3"

[[projects]]
  digest = "1:de37e343c64582d7026bf8ab6ac5b22a72eac54f3a57020db31524affed9f423"
  name = "github.com/spf13/viper"
  packages = ["."]
  pruneopts = "UT"
  revision = "6d33b5a963d922d182c91e8a1c88d81fd150cfd4"
  version = "v1.3.1"

[[projects]]
  digest = "1:ac83cf90d08b63ad5f7e020ef480d319ae890c208f8524622a2f3136e2686b02"
  name = "github.com/stretchr/objx"
  packages = ["."]
  pruneopts = "UT"
  revision = "477a77ecc69700c7cdeb1fa9e129548e1c1c393c"
  version = "v0.1.1"

[[projects]]
  digest = "1:b762f96c1183763894e8dabbac5f8e8d5821754b6e2686a8c398a174b7a58ff5"
  name = "github.com/stretchr/testify"
  packages = [
    "assert",
    "mock",
    "require",
  ]
  pruneopts = "UT"
  revision = "ffdc059bfe9ce6a4e144ba849dbedead332c6053"
  version = "v1.3.0"

[[projects]]
  digest = "1:764060b3ab40180f12f9dd0f79c4eb58ec36a1856ef75922155e0410cbc64ff4"
  name = "github.com/zenazn/goji"
  packages = [
    "web",
    "web/middleware",
    "web/mutil",
  ]
  pruneopts = "UT"
  revision = "64eb34159fe53473206c2b3e70fe396a639452f2"
  version = "v1.0"

[[projects]]
  digest = "1:20e368367776bc9d2251e17926aff09a8b18238513185908957ad358c077e0ef"
  name = "gitlab.com/distributed_lab/ape"
  packages = [
    ".",
    "problems",
  ]
  pruneopts = "UT"
  revision = "84191c4ccf54edc25ef517ae7f5f4d47fc8e818d"
  version = "v0.8"

[[projects]]
  branch = "master"
  digest = "1:5807a8e40155ba6b1d846434df1d252df857ad62e9db1aba9516ca8310327b3e"
  name = "gitlab.com/distributed_lab/corer"
  packages = ["."]
  pruneopts = "UT"
  revision = "cbfb465258955230864e0a76aba0ff2738000782"

[[projects]]
  digest = "1:9f2e5773f3db6a054064e5954ecde778e40fdf46d65291343aa62cd960be9e71"
  name = "gitlab.com/distributed_lab/figure"
  packages = ["."]
  pruneopts = "UT"
  revision = "051cfa07db4c210b6eccc26ba4294481cf5f5c5e"
  version = "v2.0.0"

[[projects]]
  digest = "1:5e8f85fa8123d6a4aae2c928f8db7ab3ca1648c0c0ae2e9621ebcc22438d4449"
  name = "gitlab.com/distributed_lab/kit"
  packages = [
    "comfig",
    "janus",
    "janus/internal",
    "kv",
    "pgdb",
  ]
  pruneopts = "UT"
  revision = "312d0d0f1014682a2c55c46683a7af80d2b09623"
  version = "0.3.0"

[[projects]]
  digest = "1:b27e01e69f4ceec735b0130cc2b7d3785768c736c018faae3dbeb49a0cb41f24"
  name = "gitlab.com/distributed_lab/logan"
  packages = [
    ".",
    "v3",
    "v3/errors",
    "v3/fields",
  ]
  pruneopts = "UT"
  revision = "df004fabe2425cd853d9787ec32b04189a22762f"
  version = "v3.7.1"

[[projects]]
  digest = "1:8af08868d6b7749b3046edfcb8871d8cc1e4de1c4326552ed648e71f757dfdfb"
  name = "gitlab.com/distributed_lab/running"
  packages = ["."]
  pruneopts = "UT"
  revision = "d1fe1d23a4bcfb5ce23cb8ab9416256e882555e4"
  version = "v1.2"

[[projects]]
  branch = "master"
  digest = "1:19f1ff0e4328b7cdb96a22242a89394fe53a8bd6d227199827b8b97336f2593d"
  name = "gitlab.com/distributed_lab/txsub"
  packages = ["."]
  pruneopts = "UT"
  revision = "d7781cbc2319daf33ebc295e82281ee7368e5bd0"

[[projects]]
  branch = "master"
  digest = "1:6ea827f1c4d5b6cfb47052888f46520e35e3798dc2e2b6773b6467ef9e06c9f9"
  name = "gitlab.com/tokend/go"
  packages = [
    "amount",
    "build",
    "crc16",
    "doorman",
    "doorman/data",
    "hash",
    "keypair",
    "network",
    "resources",
    "signcontrol",
    "signcontrol/internal/httpsignatures",
    "strkey",
    "xdr",
  ]
  pruneopts = "UT"
  revision = "f54abde28f16a6914988fa11e6a37f1fb0d1742a"

[[projects]]
  branch = "master"
  digest = "1:e443f9e9d4061793ecbbff9f1cdf7e4659549b32f2c5a48ce84d73e37341c40d"
  name = "gitlab.com/tokend/keypair"
  packages = [
    ".",
    "internal",
    "internal/crc16",
    "internal/strkey",
  ]
  pruneopts = "UT"
  revision = "d2483e9113373a67d704f48c047ef81a7ae8059f"

[[projects]]
  branch = "master"
  digest = "1:2e28cca39bad965090d4bef8b51baccf459f9efa2e74d42e85a8fce4abaf5504"
  name = "gitlab.com/tokend/regources"
  packages = [
    ".",
    "v2",
  ]
  pruneopts = "UT"
  revision = "1f64070b3548ad935574701a58347d8122d555fc"

[[projects]]
  branch = "master"
  digest = "1:d3896aa1f0fdb6e23070702d50ac5bd1dafe2e3229b7e4a34af6e2c7e7c72b0e"
  name = "golang.org/x/crypto"
  packages = [
    "ed25519",
    "ed25519/internal/edwards25519",
    "ssh/terminal",
  ]
  pruneopts = "UT"
  revision = "8dd112bcdc25174059e45e07517d9fc663123347"

[[projects]]
  branch = "master"
  digest = "1:c9f70fa85ce8a5e7a0a3b4b5de59dd945cdd2d1478ee1de95c2be0ad372be223"
  name = "golang.org/x/net"
  packages = [
    "context",
    "http/httpguts",
    "http2",
    "http2/hpack",
    "idna",
  ]
  pruneopts = "UT"
  revision = "16b79f2e4e95ea23b2bf9903c9809ff7b013ce85"

[[projects]]
  branch = "master"
  digest = "1:4331a1ccaa56cb90dba6ddd13797c221205af5ba719cbdbd701f44532dde19ea"
  name = "golang.org/x/sys"
  packages = [
    "unix",
    "windows",
  ]
  pruneopts = "UT"
  revision = "c2f5717e611cf8e89a852a41081355194d80c943"

[[projects]]
  digest = "1:a2ab62866c75542dd18d2b069fec854577a20211d7c0ea6ae746072a1dccdd18"
  name = "golang.org/x/text"
  packages = [
    "collate",
    "collate/build",
    "internal/colltab",
    "internal/gen",
    "internal/tag",
    "internal/triegen",
    "internal/ucd",
    "language",
    "secure/bidirule",
    "transform",
    "unicode/bidi",
    "unicode/cldr",
    "unicode/norm",
    "unicode/rangetable",
  ]
  pruneopts = "UT"
  revision = "f21a4dfb5e38f5895301dc265a8def02365cc3d0"
  version = "v0.3.0"

[[projects]]
  digest = "1:1b36b0cb56126316f637ad55cfd5ed84c945fe45bd90e944666b4107a80a1da9"
  name = "gopkg.in/gorp.v1"
  packages = ["."]
  pruneopts = "UT"
  revision = "6a667da9c028871f98598d85413e3fc4c6daa52e"
  version = "v1.7.2"

[[projects]]
  digest = "1:b38090856fe4f710d745477c205cf34f0d0d45e46e99f85e5be63420eddd6811"
  name = "gopkg.in/throttled/throttled.v2"
  packages = [
    ".",
    "store/memstore",
  ]
  pruneopts = "UT"
  revision = "b5675e93f9d999b22f92d859a5bf2138d3641af4"
  version = "v2.0.3"

[[projects]]
  digest = "1:43b8a34f6390d8fbdcfd300ed52103064e9eaaecc7e50b7e3518fe246ebe8403"
  name = "gopkg.in/tylerb/graceful.v1"
  packages = ["."]
  pruneopts = "UT"
  revision = "4654dfbb6ad53cb5e27f37d99b02e16c1872fbbb"
  version = "v1.2.15"

[[projects]]
  digest = "1:4d2e5a73dc1500038e504a8d78b986630e3626dc027bc030ba5c75da257cdb96"
  name = "gopkg.in/yaml.v2"
  packages = ["."]
  pruneopts = "UT"
  revision = "51d6538a90f86fe93ac480b35f37b2be17fef232"
  version = "v2.2.2"

[solve-meta]
  analyzer-name = "dep"
  analyzer-version = 1
  input-imports = [
    "bitbucket.org/ww/goautoneg",
    "github.com/asaskevich/govalidator",
    "github.com/cheekybits/genny/generic",
    "github.com/evalphobia/logrus_sentry",
    "github.com/getsentry/raven-go",
    "github.com/go-chi/chi",
    "github.com/go-chi/chi/middleware",
    "github.com/go-errors/errors",
    "github.com/go-ozzo/ozzo-validation",
    "github.com/goji/context",
    "github.com/guregu/null",
    "github.com/influxdata/influxdb/client/v2",
    "github.com/jmoiron/sqlx",
    "github.com/lann/squirrel",
    "github.com/lib/pq",
    "github.com/magiconair/properties/assert",
    "github.com/masterminds/squirrel",
    "github.com/patrickmn/go-cache",
    "github.com/pkg/errors",
    "github.com/rcrowley/go-metrics",
    "github.com/rs/cors",
    "github.com/rubenv/sql-migrate",
    "github.com/sirupsen/logrus",
    "github.com/smartystreets/goconvey/convey",
    "github.com/spf13/cast",
    "github.com/spf13/cobra",
    "github.com/stretchr/testify/assert",
    "github.com/stretchr/testify/mock",
    "github.com/stretchr/testify/require",
    "github.com/zenazn/goji/web",
    "github.com/zenazn/goji/web/middleware",
    "github.com/zenazn/goji/web/mutil",
    "gitlab.com/distributed_lab/ape",
    "gitlab.com/distributed_lab/ape/problems",
    "gitlab.com/distributed_lab/corer",
    "gitlab.com/distributed_lab/figure",
    "gitlab.com/distributed_lab/kit/comfig",
    "gitlab.com/distributed_lab/kit/janus",
    "gitlab.com/distributed_lab/kit/kv",
    "gitlab.com/distributed_lab/logan",
    "gitlab.com/distributed_lab/logan/v3",
    "gitlab.com/distributed_lab/logan/v3/errors",
    "gitlab.com/distributed_lab/running",
    "gitlab.com/distributed_lab/txsub",
    "gitlab.com/tokend/go/amount",
    "gitlab.com/tokend/go/build",
    "gitlab.com/tokend/go/doorman",
    "gitlab.com/tokend/go/hash",
    "gitlab.com/tokend/go/resources",
    "gitlab.com/tokend/go/signcontrol",
    "gitlab.com/tokend/go/strkey",
    "gitlab.com/tokend/go/xdr",
    "gitlab.com/tokend/regources",
    "gitlab.com/tokend/regources/v2",
    "golang.org/x/net/context",
    "golang.org/x/net/http2",
    "gopkg.in/throttled/throttled.v2",
    "gopkg.in/throttled/throttled.v2/store/memstore",
    "gopkg.in/tylerb/graceful.v1",
  ]
  solver-name = "gps-cdcl"
  solver-version = 1
